{
  "version": 4,
  "terraform_version": "1.13.2",
  "serial": 38,
  "lineage": "10a09e8f-08d4-577f-6ee2-be03c6907241",
  "outputs": {
    "acr_id": {
      "value": "/subscriptions/9f950fa4-19f3-40fb-8596-702a64cdb536/resourceGroups/rg-secure-b2b-api/providers/Microsoft.ContainerRegistry/registries/acrsecureb2bnk9it",
      "type": "string"
    },
    "acr_login_server": {
      "value": "acrsecureb2bnk9it.azurecr.io",
      "type": "string"
    },
    "acr_name": {
      "value": "acrsecureb2bnk9it",
      "type": "string"
    },
    "apim_gateway_url": {
      "value": "https://apim-secure-b2b-api.azure-api.net",
      "type": "string"
    },
    "apim_name": {
      "value": "apim-secure-b2b-api",
      "type": "string"
    },
    "apim_resource_group": {
      "value": "rg-secure-b2b-api",
      "type": "string"
    },
    "log_analytics_primary_shared_key": {
      "value": "dKKRZnH5HBjC66CiGav/m5OUo/v2YybvOxrGFGw6giwSXFsW2dJCwSdO8Asq+tuJNtWvDy0H206OhAU4/pOEQg==",
      "type": "string",
      "sensitive": true
    },
    "log_analytics_workspace_id": {
      "value": "/subscriptions/9f950fa4-19f3-40fb-8596-702a64cdb536/resourceGroups/rg-secure-b2b-api/providers/Microsoft.OperationalInsights/workspaces/law-secure-b2b-api",
      "type": "string"
    },
    "log_analytics_workspace_workspace_id": {
      "value": "e88c4707-b12b-4470-93a1-47b63845d323",
      "type": "string"
    },
    "partner_subscription_key": {
      "value": "8fd63dc7bf1e4ce79182917b1e5be91d",
      "type": "string",
      "sensitive": true
    }
  },
  "resources": [
    {
      "mode": "managed",
      "type": "azurerm_api_management",
      "name": "apim",
      "provider": "provider[\"registry.terraform.io/hashicorp/azurerm\"]",
      "instances": [
        {
          "schema_version": 0,
          "attributes": {
            "additional_location": [],
            "certificate": [],
            "client_certificate_enabled": false,
            "delegation": [
              {
                "subscriptions_enabled": false,
                "url": "",
                "user_registration_enabled": false,
                "validation_key": ""
              }
            ],
            "developer_portal_url": "https://apim-secure-b2b-api.developer.azure-api.net",
            "gateway_disabled": false,
            "gateway_regional_url": "https://apim-secure-b2b-api-germanywestcentral-01.regional.azure-api.net",
            "gateway_url": "https://apim-secure-b2b-api.azure-api.net",
            "hostname_configuration": [
              {
                "developer_portal": [],
                "management": [],
                "portal": [],
                "proxy": [
                  {
                    "certificate": "",
                    "certificate_password": "",
                    "certificate_source": "BuiltIn",
                    "certificate_status": "",
                    "default_ssl_binding": true,
                    "expiry": "",
                    "host_name": "apim-secure-b2b-api.azure-api.net",
                    "key_vault_id": "",
                    "negotiate_client_certificate": false,
                    "ssl_keyvault_identity_client_id": "",
                    "subject": "",
                    "thumbprint": ""
                  }
                ],
                "scm": []
              }
            ],
            "id": "/subscriptions/9f950fa4-19f3-40fb-8596-702a64cdb536/resourceGroups/rg-secure-b2b-api/providers/Microsoft.ApiManagement/service/apim-secure-b2b-api",
            "identity": [
              {
                "identity_ids": [],
                "principal_id": "efe677b1-aab2-4169-871b-b685663b5df1",
                "tenant_id": "dafca626-f93f-4011-b63f-69203164626a",
                "type": "SystemAssigned"
              }
            ],
            "location": "germanywestcentral",
            "management_api_url": "https://apim-secure-b2b-api.management.azure-api.net",
            "min_api_version": "",
            "name": "apim-secure-b2b-api",
            "notification_sender_email": "apimgmt-noreply@mail.windowsazure.com",
            "policy": [
              {
                "xml_content": "\u003c!--\r\n    IMPORTANT:\r\n    - Policy elements can appear only within the \u003cinbound\u003e, \u003coutbound\u003e, \u003cbackend\u003e section elements.\r\n    - Only the \u003cforward-request\u003e policy element can appear within the \u003cbackend\u003e section element.\r\n    - To apply a policy to the incoming request (before it is forwarded to the backend service), place a corresponding policy element within the \u003cinbound\u003e section element.\r\n    - To apply a policy to the outgoing response (before it is sent back to the caller), place a corresponding policy element within the \u003coutbound\u003e section element.\r\n    - To add a policy position the cursor at the desired insertion point and click on the round button associated with the policy.\r\n    - To remove a policy, delete the corresponding policy statement from the policy document.\r\n    - Policies are applied in the order of their appearance, from the top down.\r\n--\u003e\r\n\u003cpolicies\u003e\r\n\t\u003cinbound /\u003e\r\n\t\u003cbackend\u003e\r\n\t\t\u003cforward-request /\u003e\r\n\t\u003c/backend\u003e\r\n\t\u003coutbound /\u003e\r\n\u003c/policies\u003e",
                "xml_link": ""
              }
            ],
            "portal_url": "https://apim-secure-b2b-api.portal.azure-api.net",
            "private_ip_addresses": [],
            "protocols": [
              {
                "enable_http2": false
              }
            ],
            "public_ip_address_id": "",
            "public_ip_addresses": [
              "4.182.180.208"
            ],
            "public_network_access_enabled": true,
            "publisher_email": "admin@secureb2b.local",
            "publisher_name": "Secure B2B Platform",
            "resource_group_name": "rg-secure-b2b-api",
            "scm_url": "https://apim-secure-b2b-api.scm.azure-api.net",
            "security": [
              {
                "enable_backend_ssl30": false,
                "enable_backend_tls10": false,
                "enable_backend_tls11": false,
                "enable_frontend_ssl30": false,
                "enable_frontend_tls10": false,
                "enable_frontend_tls11": false,
                "tls_ecdhe_ecdsa_with_aes128_cbc_sha_ciphers_enabled": false,
                "tls_ecdhe_ecdsa_with_aes256_cbc_sha_ciphers_enabled": false,
                "tls_ecdhe_rsa_with_aes128_cbc_sha_ciphers_enabled": false,
                "tls_ecdhe_rsa_with_aes256_cbc_sha_ciphers_enabled": false,
                "tls_rsa_with_aes128_cbc_sha256_ciphers_enabled": false,
                "tls_rsa_with_aes128_cbc_sha_ciphers_enabled": false,
                "tls_rsa_with_aes128_gcm_sha256_ciphers_enabled": false,
                "tls_rsa_with_aes256_cbc_sha256_ciphers_enabled": false,
                "tls_rsa_with_aes256_cbc_sha_ciphers_enabled": false,
                "tls_rsa_with_aes256_gcm_sha384_ciphers_enabled": false,
                "triple_des_ciphers_enabled": false
              }
            ],
            "sign_in": [
              {
                "enabled": false
              }
            ],
            "sign_up": [
              {
                "enabled": false,
                "terms_of_service": [
                  {
                    "consent_required": false,
                    "enabled": false,
                    "text": ""
                  }
                ]
              }
            ],
            "sku_name": "Developer_1",
            "tags": {
              "environment": "dev",
              "managed_by": "terraform",
              "project": "secure-b2b-api"
            },
            "tenant_access": [
              {
                "enabled": false,
                "primary_key": "6bdtZMv0c3X1F+qbRmkcnYA41AfHqMFxp56q2/ZxYZIaOVrn+i0RZYe6/3852uJtndZ8Spew3o9tzLAJUSnaaw==",
                "secondary_key": "vDjCub2U64h/T0yFiEYnoUtbjc+iN3e1wy2nYUJj7uhehfT4u3epC3rJvvqysXFSQfeIreoteE/mdW9goqOEyA==",
                "tenant_id": "/tenant/directAccess"
              }
            ],
            "timeouts": null,
            "virtual_network_configuration": [],
            "virtual_network_type": "None",
            "zones": []
          },
          "sensitive_attributes": [
            [
              {
                "type": "get_attr",
                "value": "delegation"
              },
              {
                "type": "index",
                "value": {
                  "value": 0,
                  "type": "number"
                }
              },
              {
                "type": "get_attr",
                "value": "validation_key"
              }
            ],
            [
              {
                "type": "get_attr",
                "value": "hostname_configuration"
              },
              {
                "type": "index",
                "value": {
                  "value": 0,
                  "type": "number"
                }
              },
              {
                "type": "get_attr",
                "value": "proxy"
              },
              {
                "type": "index",
                "value": {
                  "value": 0,
                  "type": "number"
                }
              },
              {
                "type": "get_attr",
                "value": "certificate"
              }
            ],
            [
              {
                "type": "get_attr",
                "value": "hostname_configuration"
              },
              {
                "type": "index",
                "value": {
                  "value": 0,
                  "type": "number"
                }
              },
              {
                "type": "get_attr",
                "value": "proxy"
              },
              {
                "type": "index",
                "value": {
                  "value": 0,
                  "type": "number"
                }
              },
              {
                "type": "get_attr",
                "value": "certificate_password"
              }
            ],
            [
              {
                "type": "get_attr",
                "value": "tenant_access"
              },
              {
                "type": "index",
                "value": {
                  "value": 0,
                  "type": "number"
                }
              },
              {
                "type": "get_attr",
                "value": "primary_key"
              }
            ],
            [
              {
                "type": "get_attr",
                "value": "tenant_access"
              },
              {
                "type": "index",
                "value": {
                  "value": 0,
                  "type": "number"
                }
              },
              {
                "type": "get_attr",
                "value": "secondary_key"
              }
            ]
          ],
          "identity_schema_version": 0,
          "private": "eyJlMmJmYjczMC1lY2FhLTExZTYtOGY4OC0zNDM2M2JjN2M0YzAiOnsiY3JlYXRlIjoxMDgwMDAwMDAwMDAwMCwiZGVsZXRlIjoxMDgwMDAwMDAwMDAwMCwicmVhZCI6MzAwMDAwMDAwMDAwLCJ1cGRhdGUiOjEwODAwMDAwMDAwMDAwfX0=",
          "dependencies": [
            "azurerm_resource_group.rg"
          ]
        }
      ]
    },
    {
      "mode": "managed",
      "type": "azurerm_api_management_api",
      "name": "order_api",
      "provider": "provider[\"registry.terraform.io/hashicorp/azurerm\"]",
      "instances": [
        {
          "schema_version": 1,
          "attributes": {
            "api_management_name": "apim-secure-b2b-api",
            "api_type": "http",
            "contact": [],
            "description": "",
            "display_name": "Secure Order API",
            "id": "/subscriptions/9f950fa4-19f3-40fb-8596-702a64cdb536/resourceGroups/rg-secure-b2b-api/providers/Microsoft.ApiManagement/service/apim-secure-b2b-api/apis/order-backend-api;rev=1",
            "import": [],
            "is_current": true,
            "is_online": false,
            "license": [],
            "name": "order-backend-api",
            "oauth2_authorization": [],
            "openid_authentication": [],
            "path": "orders",
            "protocols": [
              "https"
            ],
            "resource_group_name": "rg-secure-b2b-api",
            "revision": "1",
            "revision_description": "",
            "service_url": "https://ca-secure-b2b-api.kinddesert-728a0a44.germanywestcentral.azurecontainerapps.io",
            "soap_pass_through": false,
            "source_api_id": null,
            "subscription_key_parameter_names": [
              {
                "header": "Ocp-Apim-Subscription-Key",
                "query": "subscription-key"
              }
            ],
            "subscription_required": true,
            "terms_of_service_url": "",
            "timeouts": null,
            "version": "",
            "version_description": "",
            "version_set_id": ""
          },
          "sensitive_attributes": [],
          "identity_schema_version": 0,
          "private": "eyJlMmJmYjczMC1lY2FhLTExZTYtOGY4OC0zNDM2M2JjN2M0YzAiOnsiY3JlYXRlIjoxODAwMDAwMDAwMDAwLCJkZWxldGUiOjE4MDAwMDAwMDAwMDAsInJlYWQiOjMwMDAwMDAwMDAwMCwidXBkYXRlIjoxODAwMDAwMDAwMDAwfSwic2NoZW1hX3ZlcnNpb24iOiIxIn0=",
          "dependencies": [
            "azurerm_api_management.apim",
            "azurerm_resource_group.rg"
          ]
        }
      ]
    },
    {
      "mode": "managed",
      "type": "azurerm_api_management_api_operation",
      "name": "health",
      "provider": "provider[\"registry.terraform.io/hashicorp/azurerm\"]",
      "instances": [
        {
          "schema_version": 0,
          "attributes": {
            "api_management_name": "apim-secure-b2b-api",
            "api_name": "order-backend-api",
            "description": "",
            "display_name": "Health Check",
            "id": "/subscriptions/9f950fa4-19f3-40fb-8596-702a64cdb536/resourceGroups/rg-secure-b2b-api/providers/Microsoft.ApiManagement/service/apim-secure-b2b-api/apis/order-backend-api/operations/health",
            "method": "GET",
            "operation_id": "health",
            "request": [
              {
                "description": "",
                "header": [],
                "query_parameter": [],
                "representation": []
              }
            ],
            "resource_group_name": "rg-secure-b2b-api",
            "response": [
              {
                "description": "",
                "header": [],
                "representation": [],
                "status_code": 200
              }
            ],
            "template_parameter": [],
            "timeouts": null,
            "url_template": "/health"
          },
          "sensitive_attributes": [],
          "identity_schema_version": 0,
          "private": "eyJlMmJmYjczMC1lY2FhLTExZTYtOGY4OC0zNDM2M2JjN2M0YzAiOnsiY3JlYXRlIjoxODAwMDAwMDAwMDAwLCJkZWxldGUiOjE4MDAwMDAwMDAwMDAsInJlYWQiOjMwMDAwMDAwMDAwMCwidXBkYXRlIjoxODAwMDAwMDAwMDAwfX0=",
          "dependencies": [
            "azurerm_api_management.apim",
            "azurerm_api_management_api.order_api",
            "azurerm_resource_group.rg"
          ]
        }
      ]
    },
    {
      "mode": "managed",
      "type": "azurerm_api_management_product",
      "name": "partner_product",
      "provider": "provider[\"registry.terraform.io/hashicorp/azurerm\"]",
      "instances": [
        {
          "schema_version": 0,
          "attributes": {
            "api_management_name": "apim-secure-b2b-api",
            "approval_required": false,
            "description": "",
            "display_name": "Partner Order API",
            "id": "/subscriptions/9f950fa4-19f3-40fb-8596-702a64cdb536/resourceGroups/rg-secure-b2b-api/providers/Microsoft.ApiManagement/service/apim-secure-b2b-api/products/partner-product",
            "product_id": "partner-product",
            "published": true,
            "resource_group_name": "rg-secure-b2b-api",
            "subscription_required": true,
            "subscriptions_limit": 0,
            "terms": "",
            "timeouts": null
          },
          "sensitive_attributes": [],
          "identity_schema_version": 0,
          "private": "eyJlMmJmYjczMC1lY2FhLTExZTYtOGY4OC0zNDM2M2JjN2M0YzAiOnsiY3JlYXRlIjoxODAwMDAwMDAwMDAwLCJkZWxldGUiOjE4MDAwMDAwMDAwMDAsInJlYWQiOjMwMDAwMDAwMDAwMCwidXBkYXRlIjoxODAwMDAwMDAwMDAwfX0=",
          "dependencies": [
            "azurerm_api_management.apim",
            "azurerm_resource_group.rg"
          ]
        }
      ]
    },
    {
      "mode": "managed",
      "type": "azurerm_api_management_product_api",
      "name": "product_api_link",
      "provider": "provider[\"registry.terraform.io/hashicorp/azurerm\"]",
      "instances": [
        {
          "schema_version": 0,
          "attributes": {
            "api_management_name": "apim-secure-b2b-api",
            "api_name": "order-backend-api",
            "id": "/subscriptions/9f950fa4-19f3-40fb-8596-702a64cdb536/resourceGroups/rg-secure-b2b-api/providers/Microsoft.ApiManagement/service/apim-secure-b2b-api/products/partner-product/apis/order-backend-api",
            "product_id": "partner-product",
            "resource_group_name": "rg-secure-b2b-api",
            "timeouts": null
          },
          "sensitive_attributes": [],
          "identity_schema_version": 0,
          "private": "eyJlMmJmYjczMC1lY2FhLTExZTYtOGY4OC0zNDM2M2JjN2M0YzAiOnsiY3JlYXRlIjoxODAwMDAwMDAwMDAwLCJkZWxldGUiOjE4MDAwMDAwMDAwMDAsInJlYWQiOjMwMDAwMDAwMDAwMH19",
          "dependencies": [
            "azurerm_api_management.apim",
            "azurerm_api_management_api.order_api",
            "azurerm_api_management_product.partner_product",
            "azurerm_resource_group.rg"
          ]
        }
      ]
    },
    {
      "mode": "managed",
      "type": "azurerm_api_management_subscription",
      "name": "partner_subscription",
      "provider": "provider[\"registry.terraform.io/hashicorp/azurerm\"]",
      "instances": [
        {
          "schema_version": 0,
          "attributes": {
            "allow_tracing": true,
            "api_id": "",
            "api_management_name": "apim-secure-b2b-api",
            "display_name": "Partner Access Subscription",
            "id": "/subscriptions/9f950fa4-19f3-40fb-8596-702a64cdb536/resourceGroups/rg-secure-b2b-api/providers/Microsoft.ApiManagement/service/apim-secure-b2b-api/subscriptions/11d15ac5-95d9-4fa3-be4f-633e91668559",
            "primary_key": "8fd63dc7bf1e4ce79182917b1e5be91d",
            "product_id": "/subscriptions/9f950fa4-19f3-40fb-8596-702a64cdb536/resourceGroups/rg-secure-b2b-api/providers/Microsoft.ApiManagement/service/apim-secure-b2b-api/products/partner-product",
            "resource_group_name": "rg-secure-b2b-api",
            "secondary_key": "d04314c6156a4f3fa31bd3a4ed348d2e",
            "state": "active",
            "subscription_id": "11d15ac5-95d9-4fa3-be4f-633e91668559",
            "timeouts": null,
            "user_id": ""
          },
          "sensitive_attributes": [
            [
              {
                "type": "get_attr",
                "value": "primary_key"
              }
            ],
            [
              {
                "type": "get_attr",
                "value": "secondary_key"
              }
            ]
          ],
          "identity_schema_version": 0,
          "private": "eyJlMmJmYjczMC1lY2FhLTExZTYtOGY4OC0zNDM2M2JjN2M0YzAiOnsiY3JlYXRlIjoxODAwMDAwMDAwMDAwLCJkZWxldGUiOjE4MDAwMDAwMDAwMDAsInJlYWQiOjMwMDAwMDAwMDAwMCwidXBkYXRlIjoxODAwMDAwMDAwMDAwfX0=",
          "dependencies": [
            "azurerm_api_management.apim",
            "azurerm_api_management_product.partner_product",
            "azurerm_resource_group.rg"
          ]
        }
      ]
    },
    {
      "mode": "managed",
      "type": "azurerm_container_app",
      "name": "api",
      "provider": "provider[\"registry.terraform.io/hashicorp/azurerm\"]",
      "instances": [
        {
          "schema_version": 0,
          "attributes": {
            "container_app_environment_id": "/subscriptions/9f950fa4-19f3-40fb-8596-702a64cdb536/resourceGroups/rg-secure-b2b-api/providers/Microsoft.App/managedEnvironments/cae-secure-b2b-api",
            "custom_domain_verification_id": "BF7F0B801D6AD5070687EFF17E429447DFEDBB09E1AAB8C6B8153FB596C855BF",
            "dapr": [],
            "id": "/subscriptions/9f950fa4-19f3-40fb-8596-702a64cdb536/resourceGroups/rg-secure-b2b-api/providers/Microsoft.App/containerApps/ca-secure-b2b-api",
            "identity": [
              {
                "identity_ids": [
                  "/subscriptions/9f950fa4-19f3-40fb-8596-702a64cdb536/resourceGroups/rg-secure-b2b-api/providers/Microsoft.ManagedIdentity/userAssignedIdentities/id-secure-b2b-api"
                ],
                "principal_id": "",
                "tenant_id": "",
                "type": "UserAssigned"
              }
            ],
            "ingress": [
              {
                "allow_insecure_connections": false,
                "custom_domain": [],
                "exposed_port": 0,
                "external_enabled": true,
                "fqdn": "ca-secure-b2b-api.kinddesert-728a0a44.germanywestcentral.azurecontainerapps.io",
                "ip_security_restriction": [],
                "target_port": 8000,
                "traffic_weight": [
                  {
                    "label": "",
                    "latest_revision": true,
                    "percentage": 100,
                    "revision_suffix": ""
                  }
                ],
                "transport": "auto"
              }
            ],
            "latest_revision_fqdn": "ca-secure-b2b-api--svk2nwm.kinddesert-728a0a44.germanywestcentral.azurecontainerapps.io",
            "latest_revision_name": "ca-secure-b2b-api--svk2nwm",
            "location": "germanywestcentral",
            "name": "ca-secure-b2b-api",
            "outbound_ip_addresses": [
              "4.182.102.254"
            ],
            "registry": [
              {
                "identity": "/subscriptions/9f950fa4-19f3-40fb-8596-702a64cdb536/resourceGroups/rg-secure-b2b-api/providers/Microsoft.ManagedIdentity/userAssignedIdentities/id-secure-b2b-api",
                "password_secret_name": "",
                "server": "acrsecureb2bnk9it.azurecr.io",
                "username": ""
              }
            ],
            "resource_group_name": "rg-secure-b2b-api",
            "revision_mode": "Single",
            "secret": [],
            "tags": {},
            "template": [
              {
                "azure_queue_scale_rule": [],
                "container": [
                  {
                    "args": [],
                    "command": [],
                    "cpu": 0.5,
                    "env": [
                      {
                        "name": "ENVIRONMENT",
                        "secret_name": "",
                        "value": "dev"
                      }
                    ],
                    "ephemeral_storage": "2Gi",
                    "image": "acrsecureb2bnk9it.azurecr.io/secure-b2b-api:dev",
                    "liveness_probe": [],
                    "memory": "1Gi",
                    "name": "secure-b2b-api",
                    "readiness_probe": [],
                    "startup_probe": [],
                    "volume_mounts": []
                  }
                ],
                "custom_scale_rule": [],
                "http_scale_rule": [],
                "init_container": [],
                "max_replicas": 3,
                "min_replicas": 1,
                "revision_suffix": "",
                "tcp_scale_rule": [],
                "volume": []
              }
            ],
            "timeouts": null,
            "workload_profile_name": ""
          },
          "sensitive_attributes": [
            [
              {
                "type": "get_attr",
                "value": "custom_domain_verification_id"
              }
            ]
          ],
          "identity_schema_version": 0,
          "private": "eyJlMmJmYjczMC1lY2FhLTExZTYtOGY4OC0zNDM2M2JjN2M0YzAiOnsiY3JlYXRlIjoxODAwMDAwMDAwMDAwLCJkZWxldGUiOjE4MDAwMDAwMDAwMDAsInJlYWQiOjMwMDAwMDAwMDAwMCwidXBkYXRlIjoxODAwMDAwMDAwMDAwfX0=",
          "dependencies": [
            "azurerm_container_app_environment.env",
            "azurerm_container_registry.acr",
            "azurerm_log_analytics_workspace.law",
            "azurerm_resource_group.rg",
            "azurerm_role_assignment.acr_pull",
            "azurerm_user_assigned_identity.containerapp_id",
            "random_string.acr_suffix"
          ]
        }
      ]
    },
    {
      "mode": "managed",
      "type": "azurerm_container_app_environment",
      "name": "env",
      "provider": "provider[\"registry.terraform.io/hashicorp/azurerm\"]",
      "instances": [
        {
          "schema_version": 0,
          "attributes": {
            "custom_domain_verification_id": "BF7F0B801D6AD5070687EFF17E429447DFEDBB09E1AAB8C6B8153FB596C855BF",
            "dapr_application_insights_connection_string": "",
            "default_domain": "kinddesert-728a0a44.germanywestcentral.azurecontainerapps.io",
            "docker_bridge_cidr": "",
            "id": "/subscriptions/9f950fa4-19f3-40fb-8596-702a64cdb536/resourceGroups/rg-secure-b2b-api/providers/Microsoft.App/managedEnvironments/cae-secure-b2b-api",
            "infrastructure_resource_group_name": "",
            "infrastructure_subnet_id": "",
            "internal_load_balancer_enabled": false,
            "location": "germanywestcentral",
            "log_analytics_workspace_id": "/subscriptions/9f950fa4-19f3-40fb-8596-702a64cdb536/resourceGroups/rg-secure-b2b-api/providers/Microsoft.OperationalInsights/workspaces/law-secure-b2b-api",
            "mutual_tls_enabled": false,
            "name": "cae-secure-b2b-api",
            "platform_reserved_cidr": "",
            "platform_reserved_dns_ip_address": "",
            "resource_group_name": "rg-secure-b2b-api",
            "static_ip_address": "131.189.65.118",
            "tags": {},
            "timeouts": null,
            "workload_profile": [],
            "zone_redundancy_enabled": false
          },
          "sensitive_attributes": [
            [
              {
                "type": "get_attr",
                "value": "dapr_application_insights_connection_string"
              }
            ]
          ],
          "identity_schema_version": 0,
          "private": "eyJlMmJmYjczMC1lY2FhLTExZTYtOGY4OC0zNDM2M2JjN2M0YzAiOnsiY3JlYXRlIjoxODAwMDAwMDAwMDAwLCJkZWxldGUiOjE4MDAwMDAwMDAwMDAsInJlYWQiOjMwMDAwMDAwMDAwMCwidXBkYXRlIjoxODAwMDAwMDAwMDAwfX0=",
          "dependencies": [
            "azurerm_log_analytics_workspace.law",
            "azurerm_resource_group.rg"
          ]
        }
      ]
    },
    {
      "mode": "managed",
      "type": "azurerm_container_registry",
      "name": "acr",
      "provider": "provider[\"registry.terraform.io/hashicorp/azurerm\"]",
      "instances": [
        {
          "schema_version": 2,
          "attributes": {
            "admin_enabled": false,
            "admin_password": "",
            "admin_username": "",
            "anonymous_pull_enabled": false,
            "data_endpoint_enabled": false,
            "encryption": [
              {
                "enabled": false,
                "identity_client_id": "",
                "key_vault_key_id": ""
              }
            ],
            "export_policy_enabled": true,
            "georeplications": [],
            "id": "/subscriptions/9f950fa4-19f3-40fb-8596-702a64cdb536/resourceGroups/rg-secure-b2b-api/providers/Microsoft.ContainerRegistry/registries/acrsecureb2bnk9it",
            "identity": [],
            "location": "germanywestcentral",
            "login_server": "acrsecureb2bnk9it.azurecr.io",
            "name": "acrsecureb2bnk9it",
            "network_rule_bypass_option": "AzureServices",
            "network_rule_set": [],
            "public_network_access_enabled": true,
            "quarantine_policy_enabled": false,
            "resource_group_name": "rg-secure-b2b-api",
            "retention_policy": [
              {
                "days": 7,
                "enabled": false
              }
            ],
            "sku": "Standard",
            "tags": {},
            "timeouts": null,
            "trust_policy": [
              {
                "enabled": false
              }
            ],
            "zone_redundancy_enabled": false
          },
          "sensitive_attributes": [
            [
              {
                "type": "get_attr",
                "value": "admin_password"
              }
            ]
          ],
          "identity_schema_version": 0,
          "private": "eyJlMmJmYjczMC1lY2FhLTExZTYtOGY4OC0zNDM2M2JjN2M0YzAiOnsiY3JlYXRlIjoxODAwMDAwMDAwMDAwLCJkZWxldGUiOjE4MDAwMDAwMDAwMDAsInJlYWQiOjMwMDAwMDAwMDAwMCwidXBkYXRlIjoxODAwMDAwMDAwMDAwfSwic2NoZW1hX3ZlcnNpb24iOiIyIn0=",
          "dependencies": [
            "azurerm_resource_group.rg",
            "random_string.acr_suffix"
          ]
        }
      ]
    },
    {
      "mode": "managed",
      "type": "azurerm_log_analytics_workspace",
      "name": "law",
      "provider": "provider[\"registry.terraform.io/hashicorp/azurerm\"]",
      "instances": [
        {
          "schema_version": 3,
          "attributes": {
            "allow_resource_only_permissions": true,
            "cmk_for_query_forced": false,
            "daily_quota_gb": -1,
            "data_collection_rule_id": "",
            "id": "/subscriptions/9f950fa4-19f3-40fb-8596-702a64cdb536/resourceGroups/rg-secure-b2b-api/providers/Microsoft.OperationalInsights/workspaces/law-secure-b2b-api",
            "identity": [],
            "immediate_data_purge_on_30_days_enabled": false,
            "internet_ingestion_enabled": true,
            "internet_query_enabled": true,
            "local_authentication_disabled": false,
            "location": "germanywestcentral",
            "name": "law-secure-b2b-api",
            "primary_shared_key": "dKKRZnH5HBjC66CiGav/m5OUo/v2YybvOxrGFGw6giwSXFsW2dJCwSdO8Asq+tuJNtWvDy0H206OhAU4/pOEQg==",
            "reservation_capacity_in_gb_per_day": null,
            "resource_group_name": "rg-secure-b2b-api",
            "retention_in_days": 30,
            "secondary_shared_key": "4JjLy01A+noBGv/lfIJLdLUl8lYuNXQj4MWB1N7JgjX/Nw13CNmCQizo+WSwvZK1tPpJCd5Mzc7VUqkxmJz0Hg==",
            "sku": "PerGB2018",
            "tags": {},
            "timeouts": null,
            "workspace_id": "e88c4707-b12b-4470-93a1-47b63845d323"
          },
          "sensitive_attributes": [
            [
              {
                "type": "get_attr",
                "value": "primary_shared_key"
              }
            ],
            [
              {
                "type": "get_attr",
                "value": "secondary_shared_key"
              }
            ]
          ],
          "identity_schema_version": 0,
          "private": "eyJlMmJmYjczMC1lY2FhLTExZTYtOGY4OC0zNDM2M2JjN2M0YzAiOnsiY3JlYXRlIjoxODAwMDAwMDAwMDAwLCJkZWxldGUiOjE4MDAwMDAwMDAwMDAsInJlYWQiOjMwMDAwMDAwMDAwMCwidXBkYXRlIjoxODAwMDAwMDAwMDAwfSwic2NoZW1hX3ZlcnNpb24iOiIzIn0=",
          "dependencies": [
            "azurerm_resource_group.rg"
          ]
        }
      ]
    },
    {
      "mode": "managed",
      "type": "azurerm_monitor_diagnostic_setting",
      "name": "apim_diag",
      "provider": "provider[\"registry.terraform.io/hashicorp/azurerm\"]",
      "instances": [
        {
          "schema_version": 0,
          "attributes": {
            "enabled_log": [
              {
                "category": "DeveloperPortalAuditLogs",
                "category_group": "",
                "retention_policy": []
              },
              {
                "category": "GatewayLogs",
                "category_group": "",
                "retention_policy": []
              },
              {
                "category": "WebSocketConnectionLogs",
                "category_group": "",
                "retention_policy": []
              }
            ],
            "eventhub_authorization_rule_id": "",
            "eventhub_name": "",
            "id": "/subscriptions/9f950fa4-19f3-40fb-8596-702a64cdb536/resourceGroups/rg-secure-b2b-api/providers/Microsoft.ApiManagement/service/apim-secure-b2b-api|diag-apim-secure-b2b",
            "log": [
              {
                "category": "DeveloperPortalAuditLogs",
                "category_group": "",
                "enabled": true,
                "retention_policy": [
                  {
                    "days": 0,
                    "enabled": false
                  }
                ]
              },
              {
                "category": "GatewayLlmLogs",
                "category_group": "",
                "enabled": false,
                "retention_policy": [
                  {
                    "days": 0,
                    "enabled": false
                  }
                ]
              },
              {
                "category": "GatewayLogs",
                "category_group": "",
                "enabled": true,
                "retention_policy": [
                  {
                    "days": 0,
                    "enabled": false
                  }
                ]
              },
              {
                "category": "WebSocketConnectionLogs",
                "category_group": "",
                "enabled": true,
                "retention_policy": [
                  {
                    "days": 0,
                    "enabled": false
                  }
                ]
              }
            ],
            "log_analytics_destination_type": "AzureDiagnostics",
            "log_analytics_workspace_id": "/subscriptions/9f950fa4-19f3-40fb-8596-702a64cdb536/resourceGroups/rg-secure-b2b-api/providers/Microsoft.OperationalInsights/workspaces/law-secure-b2b-api",
            "metric": [
              {
                "category": "AllMetrics",
                "enabled": true,
                "retention_policy": []
              }
            ],
            "name": "diag-apim-secure-b2b",
            "partner_solution_id": null,
            "storage_account_id": null,
            "target_resource_id": "/subscriptions/9f950fa4-19f3-40fb-8596-702a64cdb536/resourceGroups/rg-secure-b2b-api/providers/Microsoft.ApiManagement/service/apim-secure-b2b-api",
            "timeouts": null
          },
          "sensitive_attributes": [],
          "identity_schema_version": 0,
          "private": "eyJlMmJmYjczMC1lY2FhLTExZTYtOGY4OC0zNDM2M2JjN2M0YzAiOnsiY3JlYXRlIjoxODAwMDAwMDAwMDAwLCJkZWxldGUiOjM2MDAwMDAwMDAwMDAsInJlYWQiOjMwMDAwMDAwMDAwMCwidXBkYXRlIjoxODAwMDAwMDAwMDAwfX0=",
          "dependencies": [
            "azurerm_api_management.apim",
            "azurerm_log_analytics_workspace.law",
            "azurerm_resource_group.rg"
          ]
        }
      ]
    },
    {
      "mode": "managed",
      "type": "azurerm_monitor_diagnostic_setting",
      "name": "cae_diag",
      "provider": "provider[\"registry.terraform.io/hashicorp/azurerm\"]",
      "instances": [
        {
          "schema_version": 0,
          "attributes": {
            "enabled_log": [
              {
                "category": "ContainerAppConsoleLogs",
                "category_group": "",
                "retention_policy": []
              },
              {
                "category": "ContainerAppSystemLogs",
                "category_group": "",
                "retention_policy": []
              }
            ],
            "eventhub_authorization_rule_id": "",
            "eventhub_name": "",
            "id": "/subscriptions/9f950fa4-19f3-40fb-8596-702a64cdb536/resourceGroups/rg-secure-b2b-api/providers/Microsoft.App/managedEnvironments/cae-secure-b2b-api|diag-cae-secure-b2b",
            "log": [
              {
                "category": "AppEnvSessionConsoleLogs",
                "category_group": "",
                "enabled": false,
                "retention_policy": [
                  {
                    "days": 0,
                    "enabled": false
                  }
                ]
              },
              {
                "category": "AppEnvSessionLifeCycleLogs",
                "category_group": "",
                "enabled": false,
                "retention_policy": [
                  {
                    "days": 0,
                    "enabled": false
                  }
                ]
              },
              {
                "category": "AppEnvSessionPoolEventLogs",
                "category_group": "",
                "enabled": false,
                "retention_policy": [
                  {
                    "days": 0,
                    "enabled": false
                  }
                ]
              },
              {
                "category": "AppEnvSpringAppConsoleLogs",
                "category_group": "",
                "enabled": false,
                "retention_policy": [
                  {
                    "days": 0,
                    "enabled": false
                  }
                ]
              },
              {
                "category": "ContainerAppConsoleLogs",
                "category_group": "",
                "enabled": true,
                "retention_policy": [
                  {
                    "days": 0,
                    "enabled": false
                  }
                ]
              },
              {
                "category": "ContainerAppSystemLogs",
                "category_group": "",
                "enabled": true,
                "retention_policy": [
                  {
                    "days": 0,
                    "enabled": false
                  }
                ]
              }
            ],
            "log_analytics_destination_type": "",
            "log_analytics_workspace_id": "/subscriptions/9f950fa4-19f3-40fb-8596-702a64cdb536/resourceGroups/rg-secure-b2b-api/providers/Microsoft.OperationalInsights/workspaces/law-secure-b2b-api",
            "metric": [
              {
                "category": "AllMetrics",
                "enabled": true,
                "retention_policy": []
              }
            ],
            "name": "diag-cae-secure-b2b",
            "partner_solution_id": null,
            "storage_account_id": null,
            "target_resource_id": "/subscriptions/9f950fa4-19f3-40fb-8596-702a64cdb536/resourceGroups/rg-secure-b2b-api/providers/Microsoft.App/managedEnvironments/cae-secure-b2b-api",
            "timeouts": null
          },
          "sensitive_attributes": [],
          "identity_schema_version": 0,
          "private": "eyJlMmJmYjczMC1lY2FhLTExZTYtOGY4OC0zNDM2M2JjN2M0YzAiOnsiY3JlYXRlIjoxODAwMDAwMDAwMDAwLCJkZWxldGUiOjM2MDAwMDAwMDAwMDAsInJlYWQiOjMwMDAwMDAwMDAwMCwidXBkYXRlIjoxODAwMDAwMDAwMDAwfX0=",
          "dependencies": [
            "azurerm_container_app_environment.env",
            "azurerm_log_analytics_workspace.law",
            "azurerm_resource_group.rg"
          ]
        }
      ]
    },
    {
      "mode": "managed",
      "type": "azurerm_monitor_diagnostic_setting",
      "name": "containerapp_diag",
      "provider": "provider[\"registry.terraform.io/hashicorp/azurerm\"]",
      "instances": [
        {
          "schema_version": 0,
          "attributes": {
            "enabled_log": [],
            "eventhub_authorization_rule_id": "",
            "eventhub_name": "",
            "id": "/subscriptions/9f950fa4-19f3-40fb-8596-702a64cdb536/resourceGroups/rg-secure-b2b-api/providers/Microsoft.App/containerApps/ca-secure-b2b-api|diag-ca-secure-b2b",
            "log": [],
            "log_analytics_destination_type": "",
            "log_analytics_workspace_id": "/subscriptions/9f950fa4-19f3-40fb-8596-702a64cdb536/resourceGroups/rg-secure-b2b-api/providers/Microsoft.OperationalInsights/workspaces/law-secure-b2b-api",
            "metric": [
              {
                "category": "AllMetrics",
                "enabled": true,
                "retention_policy": []
              }
            ],
            "name": "diag-ca-secure-b2b",
            "partner_solution_id": null,
            "storage_account_id": null,
            "target_resource_id": "/subscriptions/9f950fa4-19f3-40fb-8596-702a64cdb536/resourceGroups/rg-secure-b2b-api/providers/Microsoft.App/containerApps/ca-secure-b2b-api",
            "timeouts": null
          },
          "sensitive_attributes": [],
          "identity_schema_version": 0,
          "private": "eyJlMmJmYjczMC1lY2FhLTExZTYtOGY4OC0zNDM2M2JjN2M0YzAiOnsiY3JlYXRlIjoxODAwMDAwMDAwMDAwLCJkZWxldGUiOjM2MDAwMDAwMDAwMDAsInJlYWQiOjMwMDAwMDAwMDAwMCwidXBkYXRlIjoxODAwMDAwMDAwMDAwfX0=",
          "dependencies": [
            "azurerm_container_app.api",
            "azurerm_container_app_environment.env",
            "azurerm_container_registry.acr",
            "azurerm_log_analytics_workspace.law",
            "azurerm_resource_group.rg",
            "azurerm_role_assignment.acr_pull",
            "azurerm_user_assigned_identity.containerapp_id",
            "random_string.acr_suffix"
          ]
        }
      ]
    },
    {
      "mode": "managed",
      "type": "azurerm_resource_group",
      "name": "rg",
      "provider": "provider[\"registry.terraform.io/hashicorp/azurerm\"]",
      "instances": [
        {
          "schema_version": 0,
          "attributes": {
            "id": "/subscriptions/9f950fa4-19f3-40fb-8596-702a64cdb536/resourceGroups/rg-secure-b2b-api",
            "location": "germanywestcentral",
            "managed_by": "",
            "name": "rg-secure-b2b-api",
            "tags": {
              "environment": "dev",
              "managed_by": "terraform",
              "project": "secure-b2b-api"
            },
            "timeouts": null
          },
          "sensitive_attributes": [],
          "identity_schema_version": 0,
          "private": "eyJlMmJmYjczMC1lY2FhLTExZTYtOGY4OC0zNDM2M2JjN2M0YzAiOnsiY3JlYXRlIjo1NDAwMDAwMDAwMDAwLCJkZWxldGUiOjU0MDAwMDAwMDAwMDAsInJlYWQiOjMwMDAwMDAwMDAwMCwidXBkYXRlIjo1NDAwMDAwMDAwMDAwfX0="
        }
      ]
    },
    {
      "mode": "managed",
      "type": "azurerm_role_assignment",
      "name": "acr_pull",
      "provider": "provider[\"registry.terraform.io/hashicorp/azurerm\"]",
      "instances": [
        {
          "schema_version": 0,
          "attributes": {
            "condition": "",
            "condition_version": "",
            "delegated_managed_identity_resource_id": "",
            "description": "",
            "id": "/subscriptions/9f950fa4-19f3-40fb-8596-702a64cdb536/resourceGroups/rg-secure-b2b-api/providers/Microsoft.ContainerRegistry/registries/acrsecureb2bnk9it/providers/Microsoft.Authorization/roleAssignments/8e5e4bca-d7a4-def1-2597-96cae69cb35c",
            "name": "8e5e4bca-d7a4-def1-2597-96cae69cb35c",
            "principal_id": "c3188e93-125c-4390-83de-d5686ff7d4c1",
            "principal_type": "ServicePrincipal",
            "role_definition_id": "/subscriptions/9f950fa4-19f3-40fb-8596-702a64cdb536/providers/Microsoft.Authorization/roleDefinitions/7f951dda-4ed3-4680-a7ca-43fe172d538d",
            "role_definition_name": "AcrPull",
            "scope": "/subscriptions/9f950fa4-19f3-40fb-8596-702a64cdb536/resourceGroups/rg-secure-b2b-api/providers/Microsoft.ContainerRegistry/registries/acrsecureb2bnk9it",
            "skip_service_principal_aad_check": null,
            "timeouts": null
          },
          "sensitive_attributes": [],
          "identity_schema_version": 0,
          "private": "eyJlMmJmYjczMC1lY2FhLTExZTYtOGY4OC0zNDM2M2JjN2M0YzAiOnsiY3JlYXRlIjoxODAwMDAwMDAwMDAwLCJkZWxldGUiOjE4MDAwMDAwMDAwMDAsInJlYWQiOjMwMDAwMDAwMDAwMH19",
          "dependencies": [
            "azurerm_container_registry.acr",
            "azurerm_resource_group.rg",
            "azurerm_user_assigned_identity.containerapp_id",
            "random_string.acr_suffix"
          ]
        }
      ]
    },
    {
      "mode": "managed",
      "type": "azurerm_user_assigned_identity",
      "name": "containerapp_id",
      "provider": "provider[\"registry.terraform.io/hashicorp/azurerm\"]",
      "instances": [
        {
          "schema_version": 1,
          "attributes": {
            "client_id": "f8330283-0fd3-414f-b204-df1e1d2e0ef5",
            "id": "/subscriptions/9f950fa4-19f3-40fb-8596-702a64cdb536/resourceGroups/rg-secure-b2b-api/providers/Microsoft.ManagedIdentity/userAssignedIdentities/id-secure-b2b-api",
            "location": "germanywestcentral",
            "name": "id-secure-b2b-api",
            "principal_id": "c3188e93-125c-4390-83de-d5686ff7d4c1",
            "resource_group_name": "rg-secure-b2b-api",
            "tags": {},
            "tenant_id": "dafca626-f93f-4011-b63f-69203164626a",
            "timeouts": null
          },
          "sensitive_attributes": [],
          "identity_schema_version": 0,
          "private": "eyJlMmJmYjczMC1lY2FhLTExZTYtOGY4OC0zNDM2M2JjN2M0YzAiOnsiY3JlYXRlIjoxODAwMDAwMDAwMDAwLCJkZWxldGUiOjE4MDAwMDAwMDAwMDAsInJlYWQiOjMwMDAwMDAwMDAwMCwidXBkYXRlIjoxODAwMDAwMDAwMDAwfSwic2NoZW1hX3ZlcnNpb24iOiIxIn0=",
          "dependencies": [
            "azurerm_resource_group.rg"
          ]
        }
      ]
    },
    {
      "mode": "managed",
      "type": "random_string",
      "name": "acr_suffix",
      "provider": "provider[\"registry.terraform.io/hashicorp/random\"]",
      "instances": [
        {
          "schema_version": 2,
          "attributes": {
            "id": "nk9it",
            "keepers": null,
            "length": 5,
            "lower": true,
            "min_lower": 0,
            "min_numeric": 0,
            "min_special": 0,
            "min_upper": 0,
            "number": true,
            "numeric": true,
            "override_special": null,
            "result": "nk9it",
            "special": false,
            "upper": false
          },
          "sensitive_attributes": [],
          "identity_schema_version": 0
        }
      ]
    }
  ],
  "check_results": null
}
